// !$*UTF8*$!
{
	archiveVersion = 1;
	classes = {
	};
	objectVersion = 50;
	objects = {

/* Begin PBXBuildFile section */
		53FF383B23A328510016A65C /* AppDelegate.swift in Sources */ = {isa = PBXBuildFile; fileRef = 53FF383A23A328510016A65C /* AppDelegate.swift */; };
		53FF383D23A328510016A65C /* SceneDelegate.swift in Sources */ = {isa = PBXBuildFile; fileRef = 53FF383C23A328510016A65C /* SceneDelegate.swift */; };
		53FF383F23A328510016A65C /* ViewController.swift in Sources */ = {isa = PBXBuildFile; fileRef = 53FF383E23A328510016A65C /* ViewController.swift */; };
		53FF384223A328510016A65C /* Main.storyboard in Resources */ = {isa = PBXBuildFile; fileRef = 53FF384023A328510016A65C /* Main.storyboard */; };
		53FF384423A328520016A65C /* Assets.xcassets in Resources */ = {isa = PBXBuildFile; fileRef = 53FF384323A328520016A65C /* Assets.xcassets */; };
		53FF384723A328520016A65C /* LaunchScreen.storyboard in Resources */ = {isa = PBXBuildFile; fileRef = 53FF384523A328520016A65C /* LaunchScreen.storyboard */; };
		53FF385223A328520016A65C /* eur_currency_appTests.swift in Sources */ = {isa = PBXBuildFile; fileRef = 53FF385123A328520016A65C /* eur_currency_appTests.swift */; };
		53FF385D23A328520016A65C /* eur_currency_appUITests.swift in Sources */ = {isa = PBXBuildFile; fileRef = 53FF385C23A328520016A65C /* eur_currency_appUITests.swift */; };
/* End PBXBuildFile section */

/* Begin PBXContainerItemProxy section */
		53FF384E23A328520016A65C /* PBXContainerItemProxy */ = {
			isa = PBXContainerItemProxy;
			containerPortal = 53FF382F23A328510016A65C /* Project object */;
			proxyType = 1;
			remoteGlobalIDString = 53FF383623A328510016A65C;
			remoteInfo = "eur-currency-app";
		};
		53FF385923A328520016A65C /* PBXContainerItemProxy */ = {
			isa = PBXContainerItemProxy;
			containerPortal = 53FF382F23A328510016A65C /* Project object */;
			proxyType = 1;
			remoteGlobalIDString = 53FF383623A328510016A65C;
			remoteInfo = "eur-currency-app";
		};
/* End PBXContainerItemProxy section */

/* Begin PBXFileReference section */
		53FF383723A328510016A65C /* eur-currency-app.app */ = {isa = PBXFileReference; explicitFileType = wrapper.application; includeInIndex = 0; path = "eur-currency-app.app"; sourceTree = BUILT_PRODUCTS_DIR; };
		53FF383A23A328510016A65C /* AppDelegate.swift */ = {isa = PBXFileReference; lastKnownFileType = sourcecode.swift; path = AppDelegate.swift; sourceTree = "<group>"; };
		53FF383C23A328510016A65C /* SceneDelegate.swift */ = {isa = PBXFileReference; lastKnownFileType = sourcecode.swift; path = SceneDelegate.swift; sourceTree = "<group>"; };
		53FF383E23A328510016A65C /* ViewController.swift */ = {isa = PBXFileReference; lastKnownFileType = sourcecode.swift; path = ViewController.swift; sourceTree = "<group>"; };
		53FF384123A328510016A65C /* Base */ = {isa = PBXFileReference; lastKnownFileType = file.storyboard; name = Base; path = Base.lproj/Main.storyboard; sourceTree = "<group>"; };
		53FF384323A328520016A65C /* Assets.xcassets */ = {isa = PBXFileReference; lastKnownFileType = folder.assetcatalog; path = Assets.xcassets; sourceTree = "<group>"; };
		53FF384623A328520016A65C /* Base */ = {isa = PBXFileReference; lastKnownFileType = file.storyboard; name = Base; path = Base.lproj/LaunchScreen.storyboard; sourceTree = "<group>"; };
		53FF384823A328520016A65C /* Info.plist */ = {isa = PBXFileReference; lastKnownFileType = text.plist.xml; path = Info.plist; sourceTree = "<group>"; };
		53FF384D23A328520016A65C /* eur-currency-appTests.xctest */ = {isa = PBXFileReference; explicitFileType = wrapper.cfbundle; includeInIndex = 0; path = "eur-currency-appTests.xctest"; sourceTree = BUILT_PRODUCTS_DIR; };
		53FF385123A328520016A65C /* eur_currency_appTests.swift */ = {isa = PBXFileReference; lastKnownFileType = sourcecode.swift; path = eur_currency_appTests.swift; sourceTree = "<group>"; };
		53FF385323A328520016A65C /* Info.plist */ = {isa = PBXFileReference; lastKnownFileType = text.plist.xml; path = Info.plist; sourceTree = "<group>"; };
		53FF385823A328520016A65C /* eur-currency-appUITests.xctest */ = {isa = PBXFileReference; explicitFileType = wrapper.cfbundle; includeInIndex = 0; path = "eur-currency-appUITests.xctest"; sourceTree = BUILT_PRODUCTS_DIR; };
		53FF385C23A328520016A65C /* eur_currency_appUITests.swift */ = {isa = PBXFileReference; lastKnownFileType = sourcecode.swift; path = eur_currency_appUITests.swift; sourceTree = "<group>"; };
		53FF385E23A328520016A65C /* Info.plist */ = {isa = PBXFileReference; lastKnownFileType = text.plist.xml; path = Info.plist; sourceTree = "<group>"; };
/* End PBXFileReference section */

/* Begin PBXFrameworksBuildPhase section */
		53FF383423A328510016A65C /* Frameworks */ = {
			isa = PBXFrameworksBuildPhase;
			buildActionMask = 2147483647;
			files = (
			);
			runOnlyForDeploymentPostprocessing = 0;
		};
		53FF384A23A328520016A65C /* Frameworks */ = {
			isa = PBXFrameworksBuildPhase;
			buildActionMask = 2147483647;
			files = (
			);
			runOnlyForDeploymentPostprocessing = 0;
		};
		53FF385523A328520016A65C /* Frameworks */ = {
			isa = PBXFrameworksBuildPhase;
			buildActionMask = 2147483647;
			files = (
			);
			runOnlyForDeploymentPostprocessing = 0;
		};
/* End PBXFrameworksBuildPhase section */

/* Begin PBXGroup section */
		53FF382E23A328510016A65C = {
			isa = PBXGroup;
			children = (
				53FF383923A328510016A65C /* eur-currency-app */,
				53FF385023A328520016A65C /* eur-currency-appTests */,
				53FF385B23A328520016A65C /* eur-currency-appUITests */,
				53FF383823A328510016A65C /* Products */,
			);
			sourceTree = "<group>";
		};
		53FF383823A328510016A65C /* Products */ = {
			isa = PBXGroup;
			children = (
				53FF383723A328510016A65C /* eur-currency-app.app */,
				53FF384D23A328520016A65C /* eur-currency-appTests.xctest */,
				53FF385823A328520016A65C /* eur-currency-appUITests.xctest */,
			);
			name = Products;
			sourceTree = "<group>";
		};
		53FF383923A328510016A65C /* eur-currency-app */ = {
			isa = PBXGroup;
			children = (
				53FF383A23A328510016A65C /* AppDelegate.swift */,
				53FF383C23A328510016A65C /* SceneDelegate.swift */,
				53FF383E23A328510016A65C /* ViewController.swift */,
				53FF384023A328510016A65C /* Main.storyboard */,
				53FF384323A328520016A65C /* Assets.xcassets */,
				53FF384523A328520016A65C /* LaunchScreen.storyboard */,
				53FF384823A328520016A65C /* Info.plist */,
			);
			path = "eur-currency-app";
			sourceTree = "<group>";
		};
		53FF385023A328520016A65C /* eur-currency-appTests */ = {
			isa = PBXGroup;
			children = (
				53FF385123A328520016A65C /* eur_currency_appTests.swift */,
				53FF385323A328520016A65C /* Info.plist */,
			);
			path = "eur-currency-appTests";
			sourceTree = "<group>";
		};
		53FF385B23A328520016A65C /* eur-currency-appUITests */ = {
			isa = PBXGroup;
			children = (
				53FF385C23A328520016A65C /* eur_currency_appUITests.swift */,
				53FF385E23A328520016A65C /* Info.plist */,
			);
			path = "eur-currency-appUITests";
			sourceTree = "<group>";
		};
/* End PBXGroup section */

/* Begin PBXNativeTarget section */
		53FF383623A328510016A65C /* eur-currency-app */ = {
			isa = PBXNativeTarget;
			buildConfigurationList = 53FF386123A328520016A65C /* Build configuration list for PBXNativeTarget "eur-currency-app" */;
			buildPhases = (
				53FF383323A328510016A65C /* Sources */,
				53FF383423A328510016A65C /* Frameworks */,
				53FF383523A328510016A65C /* Resources */,
			);
			buildRules = (
			);
			dependencies = (
			);
			name = "eur-currency-app";
			productName = "eur-currency-app";
			productReference = 53FF383723A328510016A65C /* eur-currency-app.app */;
			productType = "com.apple.product-type.application";
		};
		53FF384C23A328520016A65C /* eur-currency-appTests */ = {
			isa = PBXNativeTarget;
			buildConfigurationList = 53FF386423A328520016A65C /* Build configuration list for PBXNativeTarget "eur-currency-appTests" */;
			buildPhases = (
				53FF384923A328520016A65C /* Sources */,
				53FF384A23A328520016A65C /* Frameworks */,
				53FF384B23A328520016A65C /* Resources */,
			);
			buildRules = (
			);
			dependencies = (
				53FF384F23A328520016A65C /* PBXTargetDependency */,
			);
			name = "eur-currency-appTests";
			productName = "eur-currency-appTests";
			productReference = 53FF384D23A328520016A65C /* eur-currency-appTests.xctest */;
			productType = "com.apple.product-type.bundle.unit-test";
		};
		53FF385723A328520016A65C /* eur-currency-appUITests */ = {
			isa = PBXNativeTarget;
			buildConfigurationList = 53FF386723A328520016A65C /* Build configuration list for PBXNativeTarget "eur-currency-appUITests" */;
			buildPhases = (
				53FF385423A328520016A65C /* Sources */,
				53FF385523A328520016A65C /* Frameworks */,
				53FF385623A328520016A65C /* Resources */,
			);
			buildRules = (
			);
			dependencies = (
				53FF385A23A328520016A65C /* PBXTargetDependency */,
			);
			name = "eur-currency-appUITests";
			productName = "eur-currency-appUITests";
			productReference = 53FF385823A328520016A65C /* eur-currency-appUITests.xctest */;
			productType = "com.apple.product-type.bundle.ui-testing";
		};
/* End PBXNativeTarget section */

/* Begin PBXProject section */
		53FF382F23A328510016A65C /* Project object */ = {
			isa = PBXProject;
			attributes = {
				LastSwiftUpdateCheck = 1110;
				LastUpgradeCheck = 1110;
				ORGANIZATIONNAME = EurCurrencyApp;
				TargetAttributes = {
					53FF383623A328510016A65C = {
						CreatedOnToolsVersion = 11.1;
					};
					53FF384C23A328520016A65C = {
						CreatedOnToolsVersion = 11.1;
						TestTargetID = 53FF383623A328510016A65C;
					};
					53FF385723A328520016A65C = {
						CreatedOnToolsVersion = 11.1;
						TestTargetID = 53FF383623A328510016A65C;
					};
				};
			};
			buildConfigurationList = 53FF383223A328510016A65C /* Build configuration list for PBXProject "eur-currency-app" */;
			compatibilityVersion = "Xcode 9.3";
			developmentRegion = en;
			hasScannedForEncodings = 0;
			knownRegions = (
				en,
				Base,
			);
			mainGroup = 53FF382E23A328510016A65C;
			productRefGroup = 53FF383823A328510016A65C /* Products */;
			projectDirPath = "";
			projectRoot = "";
			targets = (
				53FF383623A328510016A65C /* eur-currency-app */,
				53FF384C23A328520016A65C /* eur-currency-appTests */,
				53FF385723A328520016A65C /* eur-currency-appUITests */,
			);
		};
/* End PBXProject section */

/* Begin PBXResourcesBuildPhase section */
		53FF383523A328510016A65C /* Resources */ = {
			isa = PBXResourcesBuildPhase;
			buildActionMask = 2147483647;
			files = (
				53FF384723A328520016A65C /* LaunchScreen.storyboard in Resources */,
				53FF384423A328520016A65C /* Assets.xcassets in Resources */,
				53FF384223A328510016A65C /* Main.storyboard in Resources */,
			);
			runOnlyForDeploymentPostprocessing = 0;
		};
		53FF384B23A328520016A65C /* Resources */ = {
			isa = PBXResourcesBuildPhase;
			buildActionMask = 2147483647;
			files = (
			);
			runOnlyForDeploymentPostprocessing = 0;
		};
		53FF385623A328520016A65C /* Resources */ = {
			isa = PBXResourcesBuildPhase;
			buildActionMask = 2147483647;
			files = (
			);
			runOnlyForDeploymentPostprocessing = 0;
		};
/* End PBXResourcesBuildPhase section */

/* Begin PBXSourcesBuildPhase section */
		53FF383323A328510016A65C /* Sources */ = {
			isa = PBXSourcesBuildPhase;
			buildActionMask = 2147483647;
			files = (
				53FF383F23A328510016A65C /* ViewController.swift in Sources */,
				53FF383B23A328510016A65C /* AppDelegate.swift in Sources */,
				53FF383D23A328510016A65C /* SceneDelegate.swift in Sources */,
			);
			runOnlyForDeploymentPostprocessing = 0;
		};
		53FF384923A328520016A65C /* Sources */ = {
			isa = PBXSourcesBuildPhase;
			buildActionMask = 2147483647;
			files = (
				53FF385223A328520016A65C /* eur_currency_appTests.swift in Sources */,
			);
			runOnlyForDeploymentPostprocessing = 0;
		};
		53FF385423A328520016A65C /* Sources */ = {
			isa = PBXSourcesBuildPhase;
			buildActionMask = 2147483647;
			files = (
				53FF385D23A328520016A65C /* eur_currency_appUITests.swift in Sources */,
			);
			runOnlyForDeploymentPostprocessing = 0;
		};
/* End PBXSourcesBuildPhase section */

/* Begin PBXTargetDependency section */
		53FF384F23A328520016A65C /* PBXTargetDependency */ = {
			isa = PBXTargetDependency;
			target = 53FF383623A328510016A65C /* eur-currency-app */;
			targetProxy = 53FF384E23A328520016A65C /* PBXContainerItemProxy */;
		};
		53FF385A23A328520016A65C /* PBXTargetDependency */ = {
			isa = PBXTargetDependency;
			target = 53FF383623A328510016A65C /* eur-currency-app */;
			targetProxy = 53FF385923A328520016A65C /* PBXContainerItemProxy */;
		};
/* End PBXTargetDependency section */

/* Begin PBXVariantGroup section */
		53FF384023A328510016A65C /* Main.storyboard */ = {
			isa = PBXVariantGroup;
			children = (
				53FF384123A328510016A65C /* Base */,
			);
			name = Main.storyboard;
			sourceTree = "<group>";
		};
		53FF384523A328520016A65C /* LaunchScreen.storyboard */ = {
			isa = PBXVariantGroup;
			children = (
				53FF384623A328520016A65C /* Base */,
			);
			name = LaunchScreen.storyboard;
			sourceTree = "<group>";
		};
/* End PBXVariantGroup section */

/* Begin XCBuildConfiguration section */
		53FF385F23A328520016A65C /* Debug */ = {
			isa = XCBuildConfiguration;
			buildSettings = {
				ALWAYS_SEARCH_USER_PATHS = NO;
				CLANG_ANALYZER_NONNULL = YES;
				CLANG_ANALYZER_NUMBER_OBJECT_CONVERSION = YES_AGGRESSIVE;
				CLANG_CXX_LANGUAGE_STANDARD = "gnu++14";
				CLANG_CXX_LIBRARY = "libc++";
				CLANG_ENABLE_MODULES = YES;
				CLANG_ENABLE_OBJC_ARC = YES;
				CLANG_ENABLE_OBJC_WEAK = YES;
				CLANG_WARN_BLOCK_CAPTURE_AUTORELEASING = YES;
				CLANG_WARN_BOOL_CONVERSION = YES;
				CLANG_WARN_COMMA = YES;
				CLANG_WARN_CONSTANT_CONVERSION = YES;
				CLANG_WARN_DEPRECATED_OBJC_IMPLEMENTATIONS = YES;
				CLANG_WARN_DIRECT_OBJC_ISA_USAGE = YES_ERROR;
				CLANG_WARN_DOCUMENTATION_COMMENTS = YES;
				CLANG_WARN_EMPTY_BODY = YES;
				CLANG_WARN_ENUM_CONVERSION = YES;
				CLANG_WARN_INFINITE_RECURSION = YES;
				CLANG_WARN_INT_CONVERSION = YES;
				CLANG_WARN_NON_LITERAL_NULL_CONVERSION = YES;
				CLANG_WARN_OBJC_IMPLICIT_RETAIN_SELF = YES;
				CLANG_WARN_OBJC_LITERAL_CONVERSION = YES;
				CLANG_WARN_OBJC_ROOT_CLASS = YES_ERROR;
				CLANG_WARN_RANGE_LOOP_ANALYSIS = YES;
				CLANG_WARN_STRICT_PROTOTYPES = YES;
				CLANG_WARN_SUSPICIOUS_MOVE = YES;
				CLANG_WARN_UNGUARDED_AVAILABILITY = YES_AGGRESSIVE;
				CLANG_WARN_UNREACHABLE_CODE = YES;
				CLANG_WARN__DUPLICATE_METHOD_MATCH = YES;
				COPY_PHASE_STRIP = NO;
				DEBUG_INFORMATION_FORMAT = dwarf;
				ENABLE_STRICT_OBJC_MSGSEND = YES;
				ENABLE_TESTABILITY = YES;
				GCC_C_LANGUAGE_STANDARD = gnu11;
				GCC_DYNAMIC_NO_PIC = NO;
				GCC_NO_COMMON_BLOCKS = YES;
				GCC_OPTIMIZATION_LEVEL = 0;
				GCC_PREPROCESSOR_DEFINITIONS = (
					"DEBUG=1",
					"$(inherited)",
				);
				GCC_WARN_64_TO_32_BIT_CONVERSION = YES;
				GCC_WARN_ABOUT_RETURN_TYPE = YES_ERROR;
				GCC_WARN_UNDECLARED_SELECTOR = YES;
				GCC_WARN_UNINITIALIZED_AUTOS = YES_AGGRESSIVE;
				GCC_WARN_UNUSED_FUNCTION = YES;
				GCC_WARN_UNUSED_VARIABLE = YES;
				IPHONEOS_DEPLOYMENT_TARGET = 13.1;
				MTL_ENABLE_DEBUG_INFO = INCLUDE_SOURCE;
				MTL_FAST_MATH = YES;
				ONLY_ACTIVE_ARCH = YES;
				SDKROOT = iphoneos;
				SWIFT_ACTIVE_COMPILATION_CONDITIONS = DEBUG;
				SWIFT_OPTIMIZATION_LEVEL = "-Onone";
			};
			name = Debug;
		};
		53FF386023A328520016A65C /* Release */ = {
			isa = XCBuildConfiguration;
			buildSettings = {
				ALWAYS_SEARCH_USER_PATHS = NO;
				CLANG_ANALYZER_NONNULL = YES;
				CLANG_ANALYZER_NUMBER_OBJECT_CONVERSION = YES_AGGRESSIVE;
				CLANG_CXX_LANGUAGE_STANDARD = "gnu++14";
				CLANG_CXX_LIBRARY = "libc++";
				CLANG_ENABLE_MODULES = YES;
				CLANG_ENABLE_OBJC_ARC = YES;
				CLANG_ENABLE_OBJC_WEAK = YES;
				CLANG_WARN_BLOCK_CAPTURE_AUTORELEASING = YES;
				CLANG_WARN_BOOL_CONVERSION = YES;
				CLANG_WARN_COMMA = YES;
				CLANG_WARN_CONSTANT_CONVERSION = YES;
				CLANG_WARN_DEPRECATED_OBJC_IMPLEMENTATIONS = YES;
				CLANG_WARN_DIRECT_OBJC_ISA_USAGE = YES_ERROR;
				CLANG_WARN_DOCUMENTATION_COMMENTS = YES;
				CLANG_WARN_EMPTY_BODY = YES;
				CLANG_WARN_ENUM_CONVERSION = YES;
				CLANG_WARN_INFINITE_RECURSION = YES;
				CLANG_WARN_INT_CONVERSION = YES;
				CLANG_WARN_NON_LITERAL_NULL_CONVERSION = YES;
				CLANG_WARN_OBJC_IMPLICIT_RETAIN_SELF = YES;
				CLANG_WARN_OBJC_LITERAL_CONVERSION = YES;
				CLANG_WARN_OBJC_ROOT_CLASS = YES_ERROR;
				CLANG_WARN_RANGE_LOOP_ANALYSIS = YES;
				CLANG_WARN_STRICT_PROTOTYPES = YES;
				CLANG_WARN_SUSPICIOUS_MOVE = YES;
				CLANG_WARN_UNGUARDED_AVAILABILITY = YES_AGGRESSIVE;
				CLANG_WARN_UNREACHABLE_CODE = YES;
				CLANG_WARN__DUPLICATE_METHOD_MATCH = YES;
				COPY_PHASE_STRIP = NO;
				DEBUG_INFORMATION_FORMAT = "dwarf-with-dsym";
				ENABLE_NS_ASSERTIONS = NO;
				ENABLE_STRICT_OBJC_MSGSEND = YES;
				GCC_C_LANGUAGE_STANDARD = gnu11;
				GCC_NO_COMMON_BLOCKS = YES;
				GCC_WARN_64_TO_32_BIT_CONVERSION = YES;
				GCC_WARN_ABOUT_RETURN_TYPE = YES_ERROR;
				GCC_WARN_UNDECLARED_SELECTOR = YES;
				GCC_WARN_UNINITIALIZED_AUTOS = YES_AGGRESSIVE;
				GCC_WARN_UNUSED_FUNCTION = YES;
				GCC_WARN_UNUSED_VARIABLE = YES;
				IPHONEOS_DEPLOYMENT_TARGET = 13.1;
				MTL_ENABLE_DEBUG_INFO = NO;
				MTL_FAST_MATH = YES;
				SDKROOT = iphoneos;
				SWIFT_COMPILATION_MODE = wholemodule;
				SWIFT_OPTIMIZATION_LEVEL = "-O";
				VALIDATE_PRODUCT = YES;
			};
			name = Release;
		};
		53FF386223A328520016A65C /* Debug */ = {
			isa = XCBuildConfiguration;
			buildSettings = {
				ASSETCATALOG_COMPILER_APPICON_NAME = AppIcon;
				CODE_SIGN_STYLE = Automatic;
				DEVELOPMENT_TEAM = PW8L46292A;
				INFOPLIST_FILE = "eur-currency-app/Info.plist";
				LD_RUNPATH_SEARCH_PATHS = (
					"$(inherited)",
					"@executable_path/Frameworks",
				);
				PRODUCT_BUNDLE_IDENTIFIER = "com.elton.jhony.eur-currency-app";
				PRODUCT_NAME = "$(TARGET_NAME)";
				SWIFT_VERSION = 5.0;
				TARGETED_DEVICE_FAMILY = "1,2";
			};
			name = Debug;
		};
		53FF386323A328520016A65C /* Release */ = {
			isa = XCBuildConfiguration;
			buildSettings = {
				ASSETCATALOG_COMPILER_APPICON_NAME = AppIcon;
				CODE_SIGN_STYLE = Automatic;
				DEVELOPMENT_TEAM = PW8L46292A;
				INFOPLIST_FILE = "eur-currency-app/Info.plist";
				LD_RUNPATH_SEARCH_PATHS = (
					"$(inherited)",
					"@executable_path/Frameworks",
				);
				PRODUCT_BUNDLE_IDENTIFIER = "com.elton.jhony.eur-currency-app";
				PRODUCT_NAME = "$(TARGET_NAME)";
				SWIFT_VERSION = 5.0;
				TARGETED_DEVICE_FAMILY = "1,2";
			};
			name = Release;
		};
		53FF386523A328520016A65C /* Debug */ = {
			isa = XCBuildConfiguration;
			buildSettings = {
				ALWAYS_EMBED_SWIFT_STANDARD_LIBRARIES = YES;
				BUNDLE_LOADER = "$(TEST_HOST)";
				CODE_SIGN_STYLE = Automatic;
				DEVELOPMENT_TEAM = PW8L46292A;
				INFOPLIST_FILE = "eur-currency-appTests/Info.plist";
				IPHONEOS_DEPLOYMENT_TARGET = 13.1;
				LD_RUNPATH_SEARCH_PATHS = (
					"$(inherited)",
					"@executable_path/Frameworks",
					"@loader_path/Frameworks",
				);
				PRODUCT_BUNDLE_IDENTIFIER = "com.elton.jhony.eur-currency-appTests";
				PRODUCT_NAME = "$(TARGET_NAME)";
				SWIFT_VERSION = 5.0;
				TARGETED_DEVICE_FAMILY = "1,2";
				TEST_HOST = "$(BUILT_PRODUCTS_DIR)/eur-currency-app.app/eur-currency-app";
			};
			name = Debug;
		};
		53FF386623A328520016A65C /* Release */ = {
			isa = XCBuildConfiguration;
			buildSettings = {
				ALWAYS_EMBED_SWIFT_STANDARD_LIBRARIES = YES;
				BUNDLE_LOADER = "$(TEST_HOST)";
				CODE_SIGN_STYLE = Automatic;
				DEVELOPMENT_TEAM = PW8L46292A;
				INFOPLIST_FILE = "eur-currency-appTests/Info.plist";
				IPHONEOS_DEPLOYMENT_TARGET = 13.1;
				LD_RUNPATH_SEARCH_PATHS = (
					"$(inherited)",
					"@executable_path/Frameworks",
					"@loader_path/Frameworks",
				);
				PRODUCT_BUNDLE_IDENTIFIER = "com.elton.jhony.eur-currency-appTests";
				PRODUCT_NAME = "$(TARGET_NAME)";
				SWIFT_VERSION = 5.0;
				TARGETED_DEVICE_FAMILY = "1,2";
				TEST_HOST = "$(BUILT_PRODUCTS_DIR)/eur-currency-app.app/eur-currency-app";
			};
			name = Release;
		};
		53FF386823A328520016A65C /* Debug */ = {
			isa = XCBuildConfiguration;
			buildSettings = {
				ALWAYS_EMBED_SWIFT_STANDARD_LIBRARIES = YES;
				CODE_SIGN_STYLE = Automatic;
				DEVELOPMENT_TEAM = PW8L46292A;
				INFOPLIST_FILE = "eur-currency-appUITests/Info.plist";
				LD_RUNPATH_SEARCH_PATHS = (
					"$(inherited)",
					"@executable_path/Frameworks",
					"@loader_path/Frameworks",
				);
				PRODUCT_BUNDLE_IDENTIFIER = "com.elton.jhony.eur-currency-appUITests";
				PRODUCT_NAME = "$(TARGET_NAME)";
				SWIFT_VERSION = 5.0;
				TARGETED_DEVICE_FAMILY = "1,2";
				TEST_TARGET_NAME = "eur-currency-app";
			};
			name = Debug;
		};
		53FF386923A328520016A65C /* Release */ = {
			isa = XCBuildConfiguration;
			buildSettings = {
				ALWAYS_EMBED_SWIFT_STANDARD_LIBRARIES = YES;
				CODE_SIGN_STYLE = Automatic;
				DEVELOPMENT_TEAM = PW8L46292A;
				INFOPLIST_FILE = "eur-currency-appUITests/Info.plist";
				LD_RUNPATH_SEARCH_PATHS = (
					"$(inherited)",
					"@executable_path/Frameworks",
					"@loader_path/Frameworks",
				);
				PRODUCT_BUNDLE_IDENTIFIER = "com.elton.jhony.eur-currency-appUITests";
				PRODUCT_NAME = "$(TARGET_NAME)";
				SWIFT_VERSION = 5.0;
				TARGETED_DEVICE_FAMILY = "1,2";
				TEST_TARGET_NAME = "eur-currency-app";
			};
			name = Release;
		};
/* End XCBuildConfiguration section */

/* Begin XCConfigurationList section */
		53FF383223A328510016A65C /* Build configuration list for PBXProject "eur-currency-app" */ = {
			isa = XCConfigurationList;
			buildConfigurations = (
				53FF385F23A328520016A65C /* Debug */,
				53FF386023A328520016A65C /* Release */,
			);
			defaultConfigurationIsVisible = 0;
			defaultConfigurationName = Release;
		};
		53FF386123A328520016A65C /* Build configuration list for PBXNativeTarget "eur-currency-app" */ = {
			isa = XCConfigurationList;
			buildConfigurations = (
				53FF386223A328520016A65C /* Debug */,
				53FF386323A328520016A65C /* Release */,
			);
			defaultConfigurationIsVisible = 0;
			defaultConfigurationName = Release;
		};
		53FF386423A328520016A65C /* Build configuration list for PBXNativeTarget "eur-currency-appTests" */ = {
			isa = XCConfigurationList;
			buildConfigurations = (
				53FF386523A328520016A65C /* Debug */,
				53FF386623A328520016A65C /* Release */,
			);
			defaultConfigurationIsVisible = 0;
			defaultConfigurationName = Release;
		};
		53FF386723A328520016A65C /* Build configuration list for PBXNativeTarget "eur-currency-appUITests" */ = {
			isa = XCConfigurationList;
			buildConfigurations = (
				53FF386823A328520016A65C /* Debug */,
				53FF386923A328520016A65C /* Release */,
			);
			defaultConfigurationIsVisible = 0;
			defaultConfigurationName = Release;
		};
/* End XCConfigurationList section */
	};
	rootObject = 53FF382F23A328510016A65C /* Project object */;
}
